
Microsoft Visual Studio Solution File, Format Version 12.00
# Visual Studio 15
Project("{FAE04EC0-301F-11D3-BF4B-00C04F79EFBC}") = "trxy.MacOS", "trxy.MacOS\trxy.MacOS.csproj", "{6987415E-2211-4FB6-80B9-254D173A1BF3}"
EndProject
Global
	GlobalSection(SolutionConfigurationPlatforms) = preSolution
		Debug|Any CPU = Debug|Any CPU
		Release|Any CPU = Release|Any CPU
	EndGlobalSection
	GlobalSection(ProjectConfigurationPlatforms) = postSolution
		{6987415E-2211-4FB6-80B9-254D173A1BF3}.Debug|Any CPU.ActiveCfg = Debug|Any CPU
		{6987415E-2211-4FB6-80B9-254D173A1BF3}.Debug|Any CPU.Build.0 = Debug|Any CPU
		{6987415E-2211-4FB6-80B9-254D173A1BF3}.Release|Any CPU.ActiveCfg = Release|Any CPU
		{6987415E-2211-4FB6-80B9-254D173A1BF3}.Release|Any CPU.Build.0 = Release|Any CPU
	EndGlobalSection
EndGlobal
