// !$*UTF8*$!
{
	archiveVersion = 1;
	classes = {
	};
	objectVersion = 52;
	objects = {

/* Begin PBXBuildFile section */
		A97CF6B523C2470C00742884 /* AppDelegate.swift in Sources */ = {isa = PBXBuildFile; fileRef = A97CF6B423C2470C00742884 /* AppDelegate.swift */; };
		A97CF6B723C2470C00742884 /* DocumentBrowserViewController.swift in Sources */ = {isa = PBXBuildFile; fileRef = A97CF6B623C2470C00742884 /* DocumentBrowserViewController.swift */; };
		A97CF6B923C2470C00742884 /* DocumentView.swift in Sources */ = {isa = PBXBuildFile; fileRef = A97CF6B823C2470C00742884 /* DocumentView.swift */; };
		A97CF6BB23C2470C00742884 /* TestResultsDocument.swift in Sources */ = {isa = PBXBuildFile; fileRef = A97CF6BA23C2470C00742884 /* TestResultsDocument.swift */; };
		A97CF6BE23C2470C00742884 /* Main.storyboard in Resources */ = {isa = PBXBuildFile; fileRef = A97CF6BC23C2470C00742884 /* Main.storyboard */; };
		A97CF6C023C2470D00742884 /* Assets.xcassets in Resources */ = {isa = PBXBuildFile; fileRef = A97CF6BF23C2470D00742884 /* Assets.xcassets */; };
		A97CF6C323C2470D00742884 /* LaunchScreen.storyboard in Resources */ = {isa = PBXBuildFile; fileRef = A97CF6C123C2470D00742884 /* LaunchScreen.storyboard */; };
		A97CF6CF23C2491600742884 /* ListView.swift in Sources */ = {isa = PBXBuildFile; fileRef = A97CF6CE23C2491600742884 /* ListView.swift */; };
		A97CF6D123C2491E00742884 /* ListRow.swift in Sources */ = {isa = PBXBuildFile; fileRef = A97CF6D023C2491E00742884 /* ListRow.swift */; };
		A97CF6D323C2492700742884 /* DetailView.swift in Sources */ = {isa = PBXBuildFile; fileRef = A97CF6D223C2492700742884 /* DetailView.swift */; };
		A97CF6D523C2493A00742884 /* ListViewModel.swift in Sources */ = {isa = PBXBuildFile; fileRef = A97CF6D423C2493A00742884 /* ListViewModel.swift */; };
		A97CF6D923C2495100742884 /* DetailViewModel.swift in Sources */ = {isa = PBXBuildFile; fileRef = A97CF6D823C2495100742884 /* DetailViewModel.swift */; };
		A97CF6DB23C2496200742884 /* TestResult.swift in Sources */ = {isa = PBXBuildFile; fileRef = A97CF6DA23C2496200742884 /* TestResult.swift */; };
		A97CF6DE23C2506800742884 /* SWXMLHash in Frameworks */ = {isa = PBXBuildFile; productRef = A97CF6DD23C2506800742884 /* SWXMLHash */; };
/* End PBXBuildFile section */

/* Begin PBXFileReference section */
		A97CF6B123C2470C00742884 /* trxy.app */ = {isa = PBXFileReference; explicitFileType = wrapper.application; includeInIndex = 0; path = trxy.app; sourceTree = BUILT_PRODUCTS_DIR; };
		A97CF6B423C2470C00742884 /* AppDelegate.swift */ = {isa = PBXFileReference; lastKnownFileType = sourcecode.swift; path = AppDelegate.swift; sourceTree = "<group>"; };
		A97CF6B623C2470C00742884 /* DocumentBrowserViewController.swift */ = {isa = PBXFileReference; lastKnownFileType = sourcecode.swift; path = DocumentBrowserViewController.swift; sourceTree = "<group>"; };
		A97CF6B823C2470C00742884 /* DocumentView.swift */ = {isa = PBXFileReference; lastKnownFileType = sourcecode.swift; path = DocumentView.swift; sourceTree = "<group>"; };
		A97CF6BA23C2470C00742884 /* TestResultsDocument.swift */ = {isa = PBXFileReference; lastKnownFileType = sourcecode.swift; path = TestResultsDocument.swift; sourceTree = "<group>"; };
		A97CF6BD23C2470C00742884 /* Base */ = {isa = PBXFileReference; lastKnownFileType = file.storyboard; name = Base; path = Base.lproj/Main.storyboard; sourceTree = "<group>"; };
		A97CF6BF23C2470D00742884 /* Assets.xcassets */ = {isa = PBXFileReference; lastKnownFileType = folder.assetcatalog; path = Assets.xcassets; sourceTree = "<group>"; };
		A97CF6C223C2470D00742884 /* Base */ = {isa = PBXFileReference; lastKnownFileType = file.storyboard; name = Base; path = Base.lproj/LaunchScreen.storyboard; sourceTree = "<group>"; };
		A97CF6C423C2470D00742884 /* Info.plist */ = {isa = PBXFileReference; lastKnownFileType = text.plist.xml; path = Info.plist; sourceTree = "<group>"; };
		A97CF6CA23C2476C00742884 /* trxy.entitlements */ = {isa = PBXFileReference; lastKnownFileType = text.plist.entitlements; path = trxy.entitlements; sourceTree = "<group>"; };
		A97CF6CE23C2491600742884 /* ListView.swift */ = {isa = PBXFileReference; lastKnownFileType = sourcecode.swift; path = ListView.swift; sourceTree = "<group>"; };
		A97CF6D023C2491E00742884 /* ListRow.swift */ = {isa = PBXFileReference; lastKnownFileType = sourcecode.swift; path = ListRow.swift; sourceTree = "<group>"; };
		A97CF6D223C2492700742884 /* DetailView.swift */ = {isa = PBXFileReference; lastKnownFileType = sourcecode.swift; path = DetailView.swift; sourceTree = "<group>"; };
		A97CF6D423C2493A00742884 /* ListViewModel.swift */ = {isa = PBXFileReference; lastKnownFileType = sourcecode.swift; path = ListViewModel.swift; sourceTree = "<group>"; };
		A97CF6D823C2495100742884 /* DetailViewModel.swift */ = {isa = PBXFileReference; lastKnownFileType = sourcecode.swift; path = DetailViewModel.swift; sourceTree = "<group>"; };
		A97CF6DA23C2496200742884 /* TestResult.swift */ = {isa = PBXFileReference; lastKnownFileType = sourcecode.swift; path = TestResult.swift; sourceTree = "<group>"; };
/* End PBXFileReference section */

/* Begin PBXFrameworksBuildPhase section */
		A97CF6AE23C2470C00742884 /* Frameworks */ = {
			isa = PBXFrameworksBuildPhase;
			buildActionMask = 2147483647;
			files = (
				A97CF6DE23C2506800742884 /* SWXMLHash in Frameworks */,
			);
			runOnlyForDeploymentPostprocessing = 0;
		};
/* End PBXFrameworksBuildPhase section */

/* Begin PBXGroup section */
		A97CF6A823C2470C00742884 = {
			isa = PBXGroup;
			children = (
				A97CF6B323C2470C00742884 /* trxy */,
				A97CF6B223C2470C00742884 /* Products */,
			);
			sourceTree = "<group>";
		};
		A97CF6B223C2470C00742884 /* Products */ = {
			isa = PBXGroup;
			children = (
				A97CF6B123C2470C00742884 /* trxy.app */,
			);
			name = Products;
			sourceTree = "<group>";
		};
		A97CF6B323C2470C00742884 /* trxy */ = {
			isa = PBXGroup;
			children = (
				A97CF6CD23C248A400742884 /* Models */,
				A97CF6CC23C2489E00742884 /* ViewModels */,
				A97CF6CB23C2489700742884 /* Views */,
				A97CF6CA23C2476C00742884 /* trxy.entitlements */,
				A97CF6B423C2470C00742884 /* AppDelegate.swift */,
				A97CF6B623C2470C00742884 /* DocumentBrowserViewController.swift */,
				A97CF6BC23C2470C00742884 /* Main.storyboard */,
				A97CF6BF23C2470D00742884 /* Assets.xcassets */,
				A97CF6C123C2470D00742884 /* LaunchScreen.storyboard */,
				A97CF6C423C2470D00742884 /* Info.plist */,
			);
			path = trxy;
			sourceTree = "<group>";
		};
		A97CF6CB23C2489700742884 /* Views */ = {
			isa = PBXGroup;
			children = (
				A97CF6B823C2470C00742884 /* DocumentView.swift */,
				A97CF6CE23C2491600742884 /* ListView.swift */,
				A97CF6D023C2491E00742884 /* ListRow.swift */,
				A97CF6D223C2492700742884 /* DetailView.swift */,
			);
			path = Views;
			sourceTree = "<group>";
		};
		A97CF6CC23C2489E00742884 /* ViewModels */ = {
			isa = PBXGroup;
			children = (
				A97CF6D423C2493A00742884 /* ListViewModel.swift */,
				A97CF6D823C2495100742884 /* DetailViewModel.swift */,
			);
			path = ViewModels;
			sourceTree = "<group>";
		};
		A97CF6CD23C248A400742884 /* Models */ = {
			isa = PBXGroup;
			children = (
				A97CF6BA23C2470C00742884 /* TestResultsDocument.swift */,
				A97CF6DA23C2496200742884 /* TestResult.swift */,
			);
			path = Models;
			sourceTree = "<group>";
		};
/* End PBXGroup section */

/* Begin PBXNativeTarget section */
		A97CF6B023C2470C00742884 /* trxy */ = {
			isa = PBXNativeTarget;
			buildConfigurationList = A97CF6C723C2470D00742884 /* Build configuration list for PBXNativeTarget "trxy" */;
			buildPhases = (
				A97CF6AD23C2470C00742884 /* Sources */,
				A97CF6AE23C2470C00742884 /* Frameworks */,
				A97CF6AF23C2470C00742884 /* Resources */,
			);
			buildRules = (
			);
			dependencies = (
			);
			name = trxy;
			packageProductDependencies = (
				A97CF6DD23C2506800742884 /* SWXMLHash */,
			);
			productName = trxy;
			productReference = A97CF6B123C2470C00742884 /* trxy.app */;
			productType = "com.apple.product-type.application";
		};
/* End PBXNativeTarget section */

/* Begin PBXProject section */
		A97CF6A923C2470C00742884 /* Project object */ = {
			isa = PBXProject;
			attributes = {
				LastSwiftUpdateCheck = 1110;
				LastUpgradeCheck = 1110;
				ORGANIZATIONNAME = mtusk;
				TargetAttributes = {
					A97CF6B023C2470C00742884 = {
						CreatedOnToolsVersion = 11.1;
					};
				};
			};
			buildConfigurationList = A97CF6AC23C2470C00742884 /* Build configuration list for PBXProject "trxy" */;
			compatibilityVersion = "Xcode 9.3";
			developmentRegion = en;
			hasScannedForEncodings = 0;
			knownRegions = (
				en,
				Base,
			);
			mainGroup = A97CF6A823C2470C00742884;
			packageReferences = (
				A97CF6DC23C2506800742884 /* XCRemoteSwiftPackageReference "SWXMLHash" */,
			);
			productRefGroup = A97CF6B223C2470C00742884 /* Products */;
			projectDirPath = "";
			projectRoot = "";
			targets = (
				A97CF6B023C2470C00742884 /* trxy */,
			);
		};
/* End PBXProject section */

/* Begin PBXResourcesBuildPhase section */
		A97CF6AF23C2470C00742884 /* Resources */ = {
			isa = PBXResourcesBuildPhase;
			buildActionMask = 2147483647;
			files = (
				A97CF6C323C2470D00742884 /* LaunchScreen.storyboard in Resources */,
				A97CF6C023C2470D00742884 /* Assets.xcassets in Resources */,
				A97CF6BE23C2470C00742884 /* Main.storyboard in Resources */,
			);
			runOnlyForDeploymentPostprocessing = 0;
		};
/* End PBXResourcesBuildPhase section */

/* Begin PBXSourcesBuildPhase section */
		A97CF6AD23C2470C00742884 /* Sources */ = {
			isa = PBXSourcesBuildPhase;
			buildActionMask = 2147483647;
			files = (
				A97CF6BB23C2470C00742884 /* TestResultsDocument.swift in Sources */,
				A97CF6B723C2470C00742884 /* DocumentBrowserViewController.swift in Sources */,
				A97CF6D923C2495100742884 /* DetailViewModel.swift in Sources */,
				A97CF6D123C2491E00742884 /* ListRow.swift in Sources */,
				A97CF6DB23C2496200742884 /* TestResult.swift in Sources */,
				A97CF6D323C2492700742884 /* DetailView.swift in Sources */,
				A97CF6CF23C2491600742884 /* ListView.swift in Sources */,
				A97CF6B923C2470C00742884 /* DocumentView.swift in Sources */,
				A97CF6D523C2493A00742884 /* ListViewModel.swift in Sources */,
				A97CF6B523C2470C00742884 /* AppDelegate.swift in Sources */,
			);
			runOnlyForDeploymentPostprocessing = 0;
		};
/* End PBXSourcesBuildPhase section */

/* Begin PBXVariantGroup section */
		A97CF6BC23C2470C00742884 /* Main.storyboard */ = {
			isa = PBXVariantGroup;
			children = (
				A97CF6BD23C2470C00742884 /* Base */,
			);
			name = Main.storyboard;
			sourceTree = "<group>";
		};
		A97CF6C123C2470D00742884 /* LaunchScreen.storyboard */ = {
			isa = PBXVariantGroup;
			children = (
				A97CF6C223C2470D00742884 /* Base */,
			);
			name = LaunchScreen.storyboard;
			sourceTree = "<group>";
		};
/* End PBXVariantGroup section */

/* Begin XCBuildConfiguration section */
		A97CF6C523C2470D00742884 /* Debug */ = {
			isa = XCBuildConfiguration;
			buildSettings = {
				ALWAYS_SEARCH_USER_PATHS = NO;
				CLANG_ANALYZER_NONNULL = YES;
				CLANG_ANALYZER_NUMBER_OBJECT_CONVERSION = YES_AGGRESSIVE;
				CLANG_CXX_LANGUAGE_STANDARD = "gnu++14";
				CLANG_CXX_LIBRARY = "libc++";
				CLANG_ENABLE_MODULES = YES;
				CLANG_ENABLE_OBJC_ARC = YES;
				CLANG_ENABLE_OBJC_WEAK = YES;
				CLANG_WARN_BLOCK_CAPTURE_AUTORELEASING = YES;
				CLANG_WARN_BOOL_CONVERSION = YES;
				CLANG_WARN_COMMA = YES;
				CLANG_WARN_CONSTANT_CONVERSION = YES;
				CLANG_WARN_DEPRECATED_OBJC_IMPLEMENTATIONS = YES;
				CLANG_WARN_DIRECT_OBJC_ISA_USAGE = YES_ERROR;
				CLANG_WARN_DOCUMENTATION_COMMENTS = YES;
				CLANG_WARN_EMPTY_BODY = YES;
				CLANG_WARN_ENUM_CONVERSION = YES;
				CLANG_WARN_INFINITE_RECURSION = YES;
				CLANG_WARN_INT_CONVERSION = YES;
				CLANG_WARN_NON_LITERAL_NULL_CONVERSION = YES;
				CLANG_WARN_OBJC_IMPLICIT_RETAIN_SELF = YES;
				CLANG_WARN_OBJC_LITERAL_CONVERSION = YES;
				CLANG_WARN_OBJC_ROOT_CLASS = YES_ERROR;
				CLANG_WARN_RANGE_LOOP_ANALYSIS = YES;
				CLANG_WARN_STRICT_PROTOTYPES = YES;
				CLANG_WARN_SUSPICIOUS_MOVE = YES;
				CLANG_WARN_UNGUARDED_AVAILABILITY = YES_AGGRESSIVE;
				CLANG_WARN_UNREACHABLE_CODE = YES;
				CLANG_WARN__DUPLICATE_METHOD_MATCH = YES;
				COPY_PHASE_STRIP = NO;
				DEBUG_INFORMATION_FORMAT = dwarf;
				ENABLE_STRICT_OBJC_MSGSEND = YES;
				ENABLE_TESTABILITY = YES;
				GCC_C_LANGUAGE_STANDARD = gnu11;
				GCC_DYNAMIC_NO_PIC = NO;
				GCC_NO_COMMON_BLOCKS = YES;
				GCC_OPTIMIZATION_LEVEL = 0;
				GCC_PREPROCESSOR_DEFINITIONS = (
					"DEBUG=1",
					"$(inherited)",
				);
				GCC_WARN_64_TO_32_BIT_CONVERSION = YES;
				GCC_WARN_ABOUT_RETURN_TYPE = YES_ERROR;
				GCC_WARN_UNDECLARED_SELECTOR = YES;
				GCC_WARN_UNINITIALIZED_AUTOS = YES_AGGRESSIVE;
				GCC_WARN_UNUSED_FUNCTION = YES;
				GCC_WARN_UNUSED_VARIABLE = YES;
				IPHONEOS_DEPLOYMENT_TARGET = 13.1;
				MTL_ENABLE_DEBUG_INFO = INCLUDE_SOURCE;
				MTL_FAST_MATH = YES;
				ONLY_ACTIVE_ARCH = YES;
				SDKROOT = iphoneos;
				SWIFT_ACTIVE_COMPILATION_CONDITIONS = DEBUG;
				SWIFT_OPTIMIZATION_LEVEL = "-Onone";
			};
			name = Debug;
		};
		A97CF6C623C2470D00742884 /* Release */ = {
			isa = XCBuildConfiguration;
			buildSettings = {
				ALWAYS_SEARCH_USER_PATHS = NO;
				CLANG_ANALYZER_NONNULL = YES;
				CLANG_ANALYZER_NUMBER_OBJECT_CONVERSION = YES_AGGRESSIVE;
				CLANG_CXX_LANGUAGE_STANDARD = "gnu++14";
				CLANG_CXX_LIBRARY = "libc++";
				CLANG_ENABLE_MODULES = YES;
				CLANG_ENABLE_OBJC_ARC = YES;
				CLANG_ENABLE_OBJC_WEAK = YES;
				CLANG_WARN_BLOCK_CAPTURE_AUTORELEASING = YES;
				CLANG_WARN_BOOL_CONVERSION = YES;
				CLANG_WARN_COMMA = YES;
				CLANG_WARN_CONSTANT_CONVERSION = YES;
				CLANG_WARN_DEPRECATED_OBJC_IMPLEMENTATIONS = YES;
				CLANG_WARN_DIRECT_OBJC_ISA_USAGE = YES_ERROR;
				CLANG_WARN_DOCUMENTATION_COMMENTS = YES;
				CLANG_WARN_EMPTY_BODY = YES;
				CLANG_WARN_ENUM_CONVERSION = YES;
				CLANG_WARN_INFINITE_RECURSION = YES;
				CLANG_WARN_INT_CONVERSION = YES;
				CLANG_WARN_NON_LITERAL_NULL_CONVERSION = YES;
				CLANG_WARN_OBJC_IMPLICIT_RETAIN_SELF = YES;
				CLANG_WARN_OBJC_LITERAL_CONVERSION = YES;
				CLANG_WARN_OBJC_ROOT_CLASS = YES_ERROR;
				CLANG_WARN_RANGE_LOOP_ANALYSIS = YES;
				CLANG_WARN_STRICT_PROTOTYPES = YES;
				CLANG_WARN_SUSPICIOUS_MOVE = YES;
				CLANG_WARN_UNGUARDED_AVAILABILITY = YES_AGGRESSIVE;
				CLANG_WARN_UNREACHABLE_CODE = YES;
				CLANG_WARN__DUPLICATE_METHOD_MATCH = YES;
				COPY_PHASE_STRIP = NO;
				DEBUG_INFORMATION_FORMAT = "dwarf-with-dsym";
				ENABLE_NS_ASSERTIONS = NO;
				ENABLE_STRICT_OBJC_MSGSEND = YES;
				GCC_C_LANGUAGE_STANDARD = gnu11;
				GCC_NO_COMMON_BLOCKS = YES;
				GCC_WARN_64_TO_32_BIT_CONVERSION = YES;
				GCC_WARN_ABOUT_RETURN_TYPE = YES_ERROR;
				GCC_WARN_UNDECLARED_SELECTOR = YES;
				GCC_WARN_UNINITIALIZED_AUTOS = YES_AGGRESSIVE;
				GCC_WARN_UNUSED_FUNCTION = YES;
				GCC_WARN_UNUSED_VARIABLE = YES;
				IPHONEOS_DEPLOYMENT_TARGET = 13.1;
				MTL_ENABLE_DEBUG_INFO = NO;
				MTL_FAST_MATH = YES;
				SDKROOT = iphoneos;
				SWIFT_COMPILATION_MODE = wholemodule;
				SWIFT_OPTIMIZATION_LEVEL = "-O";
				VALIDATE_PRODUCT = YES;
			};
			name = Release;
		};
		A97CF6C823C2470D00742884 /* Debug */ = {
			isa = XCBuildConfiguration;
			buildSettings = {
				ASSETCATALOG_COMPILER_APPICON_NAME = AppIcon;
				CODE_SIGN_ENTITLEMENTS = trxy/trxy.entitlements;
				CODE_SIGN_STYLE = Automatic;
				DERIVE_MACCATALYST_PRODUCT_BUNDLE_IDENTIFIER = YES;
				DEVELOPMENT_TEAM = 3H2RF9H2BK;
				INFOPLIST_FILE = trxy/Info.plist;
				IPHONEOS_DEPLOYMENT_TARGET = 13.0;
				LD_RUNPATH_SEARCH_PATHS = (
					"$(inherited)",
					"@executable_path/Frameworks",
				);
				PRODUCT_BUNDLE_IDENTIFIER = com.mtusk.trxy;
				PRODUCT_NAME = "$(TARGET_NAME)";
				SUPPORTS_MACCATALYST = YES;
				SWIFT_VERSION = 5.0;
				TARGETED_DEVICE_FAMILY = "1,2";
			};
			name = Debug;
		};
		A97CF6C923C2470D00742884 /* Release */ = {
			isa = XCBuildConfiguration;
			buildSettings = {
				ASSETCATALOG_COMPILER_APPICON_NAME = AppIcon;
				CODE_SIGN_ENTITLEMENTS = trxy/trxy.entitlements;
				CODE_SIGN_STYLE = Automatic;
				DERIVE_MACCATALYST_PRODUCT_BUNDLE_IDENTIFIER = YES;
				DEVELOPMENT_TEAM = 3H2RF9H2BK;
				INFOPLIST_FILE = trxy/Info.plist;
				IPHONEOS_DEPLOYMENT_TARGET = 13.0;
				LD_RUNPATH_SEARCH_PATHS = (
					"$(inherited)",
					"@executable_path/Frameworks",
				);
				PRODUCT_BUNDLE_IDENTIFIER = com.mtusk.trxy;
				PRODUCT_NAME = "$(TARGET_NAME)";
				SUPPORTS_MACCATALYST = YES;
				SWIFT_VERSION = 5.0;
				TARGETED_DEVICE_FAMILY = "1,2";
			};
			name = Release;
		};
/* End XCBuildConfiguration section */

/* Begin XCConfigurationList section */
		A97CF6AC23C2470C00742884 /* Build configuration list for PBXProject "trxy" */ = {
			isa = XCConfigurationList;
			buildConfigurations = (
				A97CF6C523C2470D00742884 /* Debug */,
				A97CF6C623C2470D00742884 /* Release */,
			);
			defaultConfigurationIsVisible = 0;
			defaultConfigurationName = Release;
		};
		A97CF6C723C2470D00742884 /* Build configuration list for PBXNativeTarget "trxy" */ = {
			isa = XCConfigurationList;
			buildConfigurations = (
				A97CF6C823C2470D00742884 /* Debug */,
				A97CF6C923C2470D00742884 /* Release */,
			);
			defaultConfigurationIsVisible = 0;
			defaultConfigurationName = Release;
		};
/* End XCConfigurationList section */

/* Begin XCRemoteSwiftPackageReference section */
		A97CF6DC23C2506800742884 /* XCRemoteSwiftPackageReference "SWXMLHash" */ = {
			isa = XCRemoteSwiftPackageReference;
			repositoryURL = "https://github.com/drmohundro/SWXMLHash.git";
			requirement = {
				kind = upToNextMajorVersion;
				minimumVersion = 5.0.1;
			};
		};
/* End XCRemoteSwiftPackageReference section */

/* Begin XCSwiftPackageProductDependency section */
		A97CF6DD23C2506800742884 /* SWXMLHash */ = {
			isa = XCSwiftPackageProductDependency;
			package = A97CF6DC23C2506800742884 /* XCRemoteSwiftPackageReference "SWXMLHash" */;
			productName = SWXMLHash;
		};
/* End XCSwiftPackageProductDependency section */
	};
	rootObject = A97CF6A923C2470C00742884 /* Project object */;
}
